
Microsoft Visual Studio Solution File, Format Version 12.00
# Visual Studio Version 16
VisualStudioVersion = 16.0.29806.167
MinimumVisualStudioVersion = 10.0.40219.1
Project("{FAE04EC0-301F-11D3-BF4B-00C04F79EFBC}") = "WebAPITest", "WebAPITest\WebAPITest.csproj", "{67D84E5E-33BF-4195-8257-875E1FE8BEED}"
EndProject
Global
	GlobalSection(SolutionConfigurationPlatforms) = preSolution
		Debug|Any CPU = Debug|Any CPU
		Release|Any CPU = Release|Any CPU
	EndGlobalSection
	GlobalSection(ProjectConfigurationPlatforms) = postSolution
		{67D84E5E-33BF-4195-8257-875E1FE8BEED}.Debug|Any CPU.ActiveCfg = Debug|Any CPU
		{67D84E5E-33BF-4195-8257-875E1FE8BEED}.Debug|Any CPU.Build.0 = Debug|Any CPU
		{67D84E5E-33BF-4195-8257-875E1FE8BEED}.Release|Any CPU.ActiveCfg = Release|Any CPU
		{67D84E5E-33BF-4195-8257-875E1FE8BEED}.Release|Any CPU.Build.0 = Release|Any CPU
	EndGlobalSection
	GlobalSection(SolutionProperties) = preSolution
		HideSolutionNode = FALSE
	EndGlobalSection
	GlobalSection(ExtensibilityGlobals) = postSolution
		SolutionGuid = {E0D85A44-D8FB-4894-9822-12C68BD2B95D}
	EndGlobalSection
EndGlobal
